
Microsoft Visual Studio Solution File, Format Version 12.00
# Visual Studio Version 17
VisualStudioVersion = 17.0.31903.59
MinimumVisualStudioVersion = 10.0.40219.1
Project("{FAE04EC0-301F-11D3-BF4B-00C04F79EFBC}") = "LearningProject", "LearningProject\LearningProject.csproj", "{78480689-E108-4A32-8207-10A316690DFA}"
EndProject
Project("{FAE04EC0-301F-11D3-BF4B-00C04F79EFBC}") = "FizzBuzz", "FizzBuzz\FizzBuzz.csproj", "{BE13BD6C-7854-4007-A5C2-8878DBD31391}"
EndProject
Project("{FAE04EC0-301F-11D3-BF4B-00C04F79EFBC}") = "WebApplication1", "WebApplication1\WebApplication1.csproj", "{29409BB1-7B0C-4009-863F-B8ED9EC22ED7}"
EndProject
Project("{FAE04EC0-301F-11D3-BF4B-00C04F79EFBC}") = "GuessGame", "GuessGame\GuessGame.csproj", "{B47BC48F-18F8-451F-94AF-97E585DB25A2}"
EndProject
Project("{FAE04EC0-301F-11D3-BF4B-00C04F79EFBC}") = "研修", "研修\研修.csproj", "{6224C2E0-4488-4749-BC18-1E4CCCB8B50C}"
EndProject
Project("{FAE04EC0-301F-11D3-BF4B-00C04F79EFBC}") = "times_table", "times_table\times_table.csproj", "{0EC07376-9A64-4665-82AE-A9E18251AEEA}"
EndProject
Global
	GlobalSection(SolutionConfigurationPlatforms) = preSolution
		Debug|Any CPU = Debug|Any CPU
		Debug|x64 = Debug|x64
		Debug|x86 = Debug|x86
		Release|Any CPU = Release|Any CPU
		Release|x64 = Release|x64
		Release|x86 = Release|x86
	EndGlobalSection
	GlobalSection(ProjectConfigurationPlatforms) = postSolution
		{78480689-E108-4A32-8207-10A316690DFA}.Debug|Any CPU.ActiveCfg = Debug|Any CPU
		{78480689-E108-4A32-8207-10A316690DFA}.Debug|Any CPU.Build.0 = Debug|Any CPU
		{78480689-E108-4A32-8207-10A316690DFA}.Debug|x64.ActiveCfg = Debug|Any CPU
		{78480689-E108-4A32-8207-10A316690DFA}.Debug|x64.Build.0 = Debug|Any CPU
		{78480689-E108-4A32-8207-10A316690DFA}.Debug|x86.ActiveCfg = Debug|Any CPU
		{78480689-E108-4A32-8207-10A316690DFA}.Debug|x86.Build.0 = Debug|Any CPU
		{78480689-E108-4A32-8207-10A316690DFA}.Release|Any CPU.ActiveCfg = Release|Any CPU
		{78480689-E108-4A32-8207-10A316690DFA}.Release|Any CPU.Build.0 = Release|Any CPU
		{78480689-E108-4A32-8207-10A316690DFA}.Release|x64.ActiveCfg = Release|Any CPU
		{78480689-E108-4A32-8207-10A316690DFA}.Release|x64.Build.0 = Release|Any CPU
		{78480689-E108-4A32-8207-10A316690DFA}.Release|x86.ActiveCfg = Release|Any CPU
		{78480689-E108-4A32-8207-10A316690DFA}.Release|x86.Build.0 = Release|Any CPU
		{BE13BD6C-7854-4007-A5C2-8878DBD31391}.Debug|Any CPU.ActiveCfg = Debug|Any CPU
		{BE13BD6C-7854-4007-A5C2-8878DBD31391}.Debug|Any CPU.Build.0 = Debug|Any CPU
		{BE13BD6C-7854-4007-A5C2-8878DBD31391}.Debug|x64.ActiveCfg = Debug|Any CPU
		{BE13BD6C-7854-4007-A5C2-8878DBD31391}.Debug|x64.Build.0 = Debug|Any CPU
		{BE13BD6C-7854-4007-A5C2-8878DBD31391}.Debug|x86.ActiveCfg = Debug|Any CPU
		{BE13BD6C-7854-4007-A5C2-8878DBD31391}.Debug|x86.Build.0 = Debug|Any CPU
		{BE13BD6C-7854-4007-A5C2-8878DBD31391}.Release|Any CPU.ActiveCfg = Release|Any CPU
		{BE13BD6C-7854-4007-A5C2-8878DBD31391}.Release|Any CPU.Build.0 = Release|Any CPU
		{BE13BD6C-7854-4007-A5C2-8878DBD31391}.Release|x64.ActiveCfg = Release|Any CPU
		{BE13BD6C-7854-4007-A5C2-8878DBD31391}.Release|x64.Build.0 = Release|Any CPU
		{BE13BD6C-7854-4007-A5C2-8878DBD31391}.Release|x86.ActiveCfg = Release|Any CPU
		{BE13BD6C-7854-4007-A5C2-8878DBD31391}.Release|x86.Build.0 = Release|Any CPU
		{29409BB1-7B0C-4009-863F-B8ED9EC22ED7}.Debug|Any CPU.ActiveCfg = Debug|Any CPU
		{29409BB1-7B0C-4009-863F-B8ED9EC22ED7}.Debug|Any CPU.Build.0 = Debug|Any CPU
		{29409BB1-7B0C-4009-863F-B8ED9EC22ED7}.Debug|x64.ActiveCfg = Debug|Any CPU
		{29409BB1-7B0C-4009-863F-B8ED9EC22ED7}.Debug|x64.Build.0 = Debug|Any CPU
		{29409BB1-7B0C-4009-863F-B8ED9EC22ED7}.Debug|x86.ActiveCfg = Debug|Any CPU
		{29409BB1-7B0C-4009-863F-B8ED9EC22ED7}.Debug|x86.Build.0 = Debug|Any CPU
		{29409BB1-7B0C-4009-863F-B8ED9EC22ED7}.Release|Any CPU.ActiveCfg = Release|Any CPU
		{29409BB1-7B0C-4009-863F-B8ED9EC22ED7}.Release|Any CPU.Build.0 = Release|Any CPU
		{29409BB1-7B0C-4009-863F-B8ED9EC22ED7}.Release|x64.ActiveCfg = Release|Any CPU
		{29409BB1-7B0C-4009-863F-B8ED9EC22ED7}.Release|x64.Build.0 = Release|Any CPU
		{29409BB1-7B0C-4009-863F-B8ED9EC22ED7}.Release|x86.ActiveCfg = Release|Any CPU
		{29409BB1-7B0C-4009-863F-B8ED9EC22ED7}.Release|x86.Build.0 = Release|Any CPU
		{B47BC48F-18F8-451F-94AF-97E585DB25A2}.Debug|Any CPU.ActiveCfg = Debug|Any CPU
		{B47BC48F-18F8-451F-94AF-97E585DB25A2}.Debug|Any CPU.Build.0 = Debug|Any CPU
		{B47BC48F-18F8-451F-94AF-97E585DB25A2}.Debug|x64.ActiveCfg = Debug|Any CPU
		{B47BC48F-18F8-451F-94AF-97E585DB25A2}.Debug|x64.Build.0 = Debug|Any CPU
		{B47BC48F-18F8-451F-94AF-97E585DB25A2}.Debug|x86.ActiveCfg = Debug|Any CPU
		{B47BC48F-18F8-451F-94AF-97E585DB25A2}.Debug|x86.Build.0 = Debug|Any CPU
		{B47BC48F-18F8-451F-94AF-97E585DB25A2}.Release|Any CPU.ActiveCfg = Release|Any CPU
		{B47BC48F-18F8-451F-94AF-97E585DB25A2}.Release|Any CPU.Build.0 = Release|Any CPU
		{B47BC48F-18F8-451F-94AF-97E585DB25A2}.Release|x64.ActiveCfg = Release|Any CPU
		{B47BC48F-18F8-451F-94AF-97E585DB25A2}.Release|x64.Build.0 = Release|Any CPU
		{B47BC48F-18F8-451F-94AF-97E585DB25A2}.Release|x86.ActiveCfg = Release|Any CPU
		{B47BC48F-18F8-451F-94AF-97E585DB25A2}.Release|x86.Build.0 = Release|Any CPU
		{6224C2E0-4488-4749-BC18-1E4CCCB8B50C}.Debug|Any CPU.ActiveCfg = Debug|Any CPU
		{6224C2E0-4488-4749-BC18-1E4CCCB8B50C}.Debug|Any CPU.Build.0 = Debug|Any CPU
		{6224C2E0-4488-4749-BC18-1E4CCCB8B50C}.Debug|x64.ActiveCfg = Debug|Any CPU
		{6224C2E0-4488-4749-BC18-1E4CCCB8B50C}.Debug|x64.Build.0 = Debug|Any CPU
		{6224C2E0-4488-4749-BC18-1E4CCCB8B50C}.Debug|x86.ActiveCfg = Debug|Any CPU
		{6224C2E0-4488-4749-BC18-1E4CCCB8B50C}.Debug|x86.Build.0 = Debug|Any CPU
		{6224C2E0-4488-4749-BC18-1E4CCCB8B50C}.Release|Any CPU.ActiveCfg = Release|Any CPU
		{6224C2E0-4488-4749-BC18-1E4CCCB8B50C}.Release|Any CPU.Build.0 = Release|Any CPU
		{6224C2E0-4488-4749-BC18-1E4CCCB8B50C}.Release|x64.ActiveCfg = Release|Any CPU
		{6224C2E0-4488-4749-BC18-1E4CCCB8B50C}.Release|x64.Build.0 = Release|Any CPU
		{6224C2E0-4488-4749-BC18-1E4CCCB8B50C}.Release|x86.ActiveCfg = Release|Any CPU
		{6224C2E0-4488-4749-BC18-1E4CCCB8B50C}.Release|x86.Build.0 = Release|Any CPU
		{0EC07376-9A64-4665-82AE-A9E18251AEEA}.Debug|Any CPU.ActiveCfg = Debug|Any CPU
		{0EC07376-9A64-4665-82AE-A9E18251AEEA}.Debug|Any CPU.Build.0 = Debug|Any CPU
		{0EC07376-9A64-4665-82AE-A9E18251AEEA}.Debug|x64.ActiveCfg = Debug|Any CPU
		{0EC07376-9A64-4665-82AE-A9E18251AEEA}.Debug|x64.Build.0 = Debug|Any CPU
		{0EC07376-9A64-4665-82AE-A9E18251AEEA}.Debug|x86.ActiveCfg = Debug|Any CPU
		{0EC07376-9A64-4665-82AE-A9E18251AEEA}.Debug|x86.Build.0 = Debug|Any CPU
		{0EC07376-9A64-4665-82AE-A9E18251AEEA}.Release|Any CPU.ActiveCfg = Release|Any CPU
		{0EC07376-9A64-4665-82AE-A9E18251AEEA}.Release|Any CPU.Build.0 = Release|Any CPU
		{0EC07376-9A64-4665-82AE-A9E18251AEEA}.Release|x64.ActiveCfg = Release|Any CPU
		{0EC07376-9A64-4665-82AE-A9E18251AEEA}.Release|x64.Build.0 = Release|Any CPU
		{0EC07376-9A64-4665-82AE-A9E18251AEEA}.Release|x86.ActiveCfg = Release|Any CPU
		{0EC07376-9A64-4665-82AE-A9E18251AEEA}.Release|x86.Build.0 = Release|Any CPU
	EndGlobalSection
	GlobalSection(SolutionProperties) = preSolution
		HideSolutionNode = FALSE
	EndGlobalSection
EndGlobal
